
Microsoft Visual Studio Solution File, Format Version 12.00
# Visual Studio 2012
Project("{FAE04EC0-301F-11D3-BF4B-00C04F79EFBC}") = "RateExcOper", "RateExcOper\RateExcOper.csproj", "{1A2E523A-E4AD-4276-A367-20DAD51C55CD}"
EndProject
Global
	GlobalSection(SolutionConfigurationPlatforms) = preSolution
		Debug|Any CPU = Debug|Any CPU
		Release|Any CPU = Release|Any CPU
	EndGlobalSection
	GlobalSection(ProjectConfigurationPlatforms) = postSolution
		{1A2E523A-E4AD-4276-A367-20DAD51C55CD}.Debug|Any CPU.ActiveCfg = Debug|Any CPU
		{1A2E523A-E4AD-4276-A367-20DAD51C55CD}.Debug|Any CPU.Build.0 = Debug|Any CPU
		{1A2E523A-E4AD-4276-A367-20DAD51C55CD}.Release|Any CPU.ActiveCfg = Release|Any CPU
		{1A2E523A-E4AD-4276-A367-20DAD51C55CD}.Release|Any CPU.Build.0 = Release|Any CPU
	EndGlobalSection
	GlobalSection(SolutionProperties) = preSolution
		HideSolutionNode = FALSE
	EndGlobalSection
EndGlobal
